
Microsoft Visual Studio Solution File, Format Version 12.00
# Visual Studio Version 17
VisualStudioVersion = 17.2.32929.388
MinimumVisualStudioVersion = 10.0.40219.1
Project("{FAE04EC0-301F-11D3-BF4B-00C04F79EFBC}") = "WPFColorLib", "WPFColorLib.csproj", "{8658B379-126A-4A66-91C9-D3FF5D352623}"
EndProject
Global
	GlobalSection(SolutionConfigurationPlatforms) = preSolution
		Debug|Any CPU = Debug|Any CPU
		Release|Any CPU = Release|Any CPU
	EndGlobalSection
	GlobalSection(ProjectConfigurationPlatforms) = postSolution
		{8658B379-126A-4A66-91C9-D3FF5D352623}.Debug|Any CPU.ActiveCfg = Debug|Any CPU
		{8658B379-126A-4A66-91C9-D3FF5D352623}.Debug|Any CPU.Build.0 = Debug|Any CPU
		{8658B379-126A-4A66-91C9-D3FF5D352623}.Release|Any CPU.ActiveCfg = Release|Any CPU
		{8658B379-126A-4A66-91C9-D3FF5D352623}.Release|Any CPU.Build.0 = Release|Any CPU
	EndGlobalSection
	GlobalSection(SolutionProperties) = preSolution
		HideSolutionNode = FALSE
	EndGlobalSection
	GlobalSection(ExtensibilityGlobals) = postSolution
		SolutionGuid = {DFD9C410-9C0C-454F-8F18-34CE3DD9C03A}
	EndGlobalSection
EndGlobal
